
Microsoft Visual Studio Solution File, Format Version 12.00
Project("{2150E333-8FDC-42A3-9474-1A3956D46DE8}") = "src", "src", "{18317382-4B91-4AF1-9816-4B99D4DFE0FB}"
EndProject
Project("{2150E333-8FDC-42A3-9474-1A3956D46DE8}") = "ApiGateways", "ApiGateways", "{74CC9EDC-4673-4E5B-B325-B83A4B752366}"
EndProject
Project("{2150E333-8FDC-42A3-9474-1A3956D46DE8}") = "BuildingBloks", "BuildingBloks", "{6071FF4C-F662-4A76-99A5-B3EA2F1544DE}"
EndProject
Project("{2150E333-8FDC-42A3-9474-1A3956D46DE8}") = "Clients", "Clients", "{8679358A-A2AB-46FB-9F66-A10D518B29B9}"
EndProject
Project("{2150E333-8FDC-42A3-9474-1A3956D46DE8}") = "Services", "Services", "{4E4CE08E-B4A9-4276-8EFC-5692226CDE37}"
EndProject
Project("{2150E333-8FDC-42A3-9474-1A3956D46DE8}") = "WebApiGateway", "WebApiGateway", "{816E5913-2DCC-4B20-9C38-2E20DBFCC48E}"
EndProject
Project("{FAE04EC0-301F-11D3-BF4B-00C04F79EFBC}") = "Web.ApiGateway", "Web.ApiGateway\Web.ApiGateway.csproj", "{23077404-F446-43FF-B7C6-0DEAC829E6F7}"
EndProject
Global
	GlobalSection(SolutionConfigurationPlatforms) = preSolution
		Debug|Any CPU = Debug|Any CPU
		Release|Any CPU = Release|Any CPU
	EndGlobalSection
	GlobalSection(NestedProjects) = preSolution
		{74CC9EDC-4673-4E5B-B325-B83A4B752366} = {18317382-4B91-4AF1-9816-4B99D4DFE0FB}
		{6071FF4C-F662-4A76-99A5-B3EA2F1544DE} = {18317382-4B91-4AF1-9816-4B99D4DFE0FB}
		{8679358A-A2AB-46FB-9F66-A10D518B29B9} = {18317382-4B91-4AF1-9816-4B99D4DFE0FB}
		{4E4CE08E-B4A9-4276-8EFC-5692226CDE37} = {18317382-4B91-4AF1-9816-4B99D4DFE0FB}
		{816E5913-2DCC-4B20-9C38-2E20DBFCC48E} = {74CC9EDC-4673-4E5B-B325-B83A4B752366}
		{23077404-F446-43FF-B7C6-0DEAC829E6F7} = {816E5913-2DCC-4B20-9C38-2E20DBFCC48E}
	EndGlobalSection
	GlobalSection(ProjectConfigurationPlatforms) = postSolution
		{23077404-F446-43FF-B7C6-0DEAC829E6F7}.Debug|Any CPU.ActiveCfg = Debug|Any CPU
		{23077404-F446-43FF-B7C6-0DEAC829E6F7}.Debug|Any CPU.Build.0 = Debug|Any CPU
		{23077404-F446-43FF-B7C6-0DEAC829E6F7}.Release|Any CPU.ActiveCfg = Release|Any CPU
		{23077404-F446-43FF-B7C6-0DEAC829E6F7}.Release|Any CPU.Build.0 = Release|Any CPU
	EndGlobalSection
EndGlobal
