
Microsoft Visual Studio Solution File, Format Version 12.00
Project("{2150E333-8FDC-42A3-9474-1A3956D46DE8}") = "src", "src", "{18317382-4B91-4AF1-9816-4B99D4DFE0FB}"
EndProject
Project("{2150E333-8FDC-42A3-9474-1A3956D46DE8}") = "ApiGateways", "ApiGateways", "{74CC9EDC-4673-4E5B-B325-B83A4B752366}"
EndProject
Project("{2150E333-8FDC-42A3-9474-1A3956D46DE8}") = "BuildingBloks", "BuildingBloks", "{6071FF4C-F662-4A76-99A5-B3EA2F1544DE}"
EndProject
Project("{2150E333-8FDC-42A3-9474-1A3956D46DE8}") = "Clients", "Clients", "{8679358A-A2AB-46FB-9F66-A10D518B29B9}"
EndProject
Project("{2150E333-8FDC-42A3-9474-1A3956D46DE8}") = "Services", "Services", "{4E4CE08E-B4A9-4276-8EFC-5692226CDE37}"
EndProject
Project("{2150E333-8FDC-42A3-9474-1A3956D46DE8}") = "WebApiGateway", "WebApiGateway", "{816E5913-2DCC-4B20-9C38-2E20DBFCC48E}"
EndProject
Project("{FAE04EC0-301F-11D3-BF4B-00C04F79EFBC}") = "Web.ApiGateway", "src\ApiGateways\Web.ApiGateway\Web.ApiGateway.csproj", "{26C687D1-51EA-440F-B8DB-114715B1C21B}"
EndProject
Project("{2150E333-8FDC-42A3-9474-1A3956D46DE8}") = "EventBus", "EventBus", "{2C86093E-3179-4190-9CB9-A771E6351943}"
EndProject
Project("{FAE04EC0-301F-11D3-BF4B-00C04F79EFBC}") = "EventBus.Base", "src\BuildingBloks\EventBus\EventBus.Base\EventBus.Base.csproj", "{C46DC963-1AEB-4DDC-B9FE-CA1AAE99A4DF}"
EndProject
Project("{FAE04EC0-301F-11D3-BF4B-00C04F79EFBC}") = "EventBus.Factory", "src\BuildingBloks\EventBus\EventBus.Factory\EventBus.Factory.csproj", "{A22CAA8E-BA57-474B-ACE7-B241C76D4C95}"
EndProject
Project("{FAE04EC0-301F-11D3-BF4B-00C04F79EFBC}") = "EventBus.AzureServiceBus", "src\BuildingBloks\EventBus\EventBus.AzureServiceBus\EventBus.AzureServiceBus.csproj", "{D1957072-F567-41EC-B30F-C8CB4F44C5B5}"
EndProject
Project("{FAE04EC0-301F-11D3-BF4B-00C04F79EFBC}") = "EventBus.RabbitMQ", "src\BuildingBloks\EventBus\EventBus.RabbitMQ\EventBus.RabbitMQ.csproj", "{0D9BE518-0246-4A86-9917-8C09B5D61C4E}"
EndProject
Global
	GlobalSection(SolutionConfigurationPlatforms) = preSolution
		Debug|Any CPU = Debug|Any CPU
		Release|Any CPU = Release|Any CPU
	EndGlobalSection
	GlobalSection(NestedProjects) = preSolution
		{74CC9EDC-4673-4E5B-B325-B83A4B752366} = {18317382-4B91-4AF1-9816-4B99D4DFE0FB}
		{6071FF4C-F662-4A76-99A5-B3EA2F1544DE} = {18317382-4B91-4AF1-9816-4B99D4DFE0FB}
		{8679358A-A2AB-46FB-9F66-A10D518B29B9} = {18317382-4B91-4AF1-9816-4B99D4DFE0FB}
		{4E4CE08E-B4A9-4276-8EFC-5692226CDE37} = {18317382-4B91-4AF1-9816-4B99D4DFE0FB}
		{816E5913-2DCC-4B20-9C38-2E20DBFCC48E} = {74CC9EDC-4673-4E5B-B325-B83A4B752366}
		{26C687D1-51EA-440F-B8DB-114715B1C21B} = {816E5913-2DCC-4B20-9C38-2E20DBFCC48E}
		{2C86093E-3179-4190-9CB9-A771E6351943} = {6071FF4C-F662-4A76-99A5-B3EA2F1544DE}
		{C46DC963-1AEB-4DDC-B9FE-CA1AAE99A4DF} = {2C86093E-3179-4190-9CB9-A771E6351943}
		{A22CAA8E-BA57-474B-ACE7-B241C76D4C95} = {2C86093E-3179-4190-9CB9-A771E6351943}
		{D1957072-F567-41EC-B30F-C8CB4F44C5B5} = {2C86093E-3179-4190-9CB9-A771E6351943}
		{0D9BE518-0246-4A86-9917-8C09B5D61C4E} = {2C86093E-3179-4190-9CB9-A771E6351943}
	EndGlobalSection
	GlobalSection(ProjectConfigurationPlatforms) = postSolution
		{26C687D1-51EA-440F-B8DB-114715B1C21B}.Debug|Any CPU.ActiveCfg = Debug|Any CPU
		{26C687D1-51EA-440F-B8DB-114715B1C21B}.Debug|Any CPU.Build.0 = Debug|Any CPU
		{26C687D1-51EA-440F-B8DB-114715B1C21B}.Release|Any CPU.ActiveCfg = Release|Any CPU
		{26C687D1-51EA-440F-B8DB-114715B1C21B}.Release|Any CPU.Build.0 = Release|Any CPU
		{C46DC963-1AEB-4DDC-B9FE-CA1AAE99A4DF}.Debug|Any CPU.ActiveCfg = Debug|Any CPU
		{C46DC963-1AEB-4DDC-B9FE-CA1AAE99A4DF}.Debug|Any CPU.Build.0 = Debug|Any CPU
		{C46DC963-1AEB-4DDC-B9FE-CA1AAE99A4DF}.Release|Any CPU.ActiveCfg = Release|Any CPU
		{C46DC963-1AEB-4DDC-B9FE-CA1AAE99A4DF}.Release|Any CPU.Build.0 = Release|Any CPU
		{A22CAA8E-BA57-474B-ACE7-B241C76D4C95}.Debug|Any CPU.ActiveCfg = Debug|Any CPU
		{A22CAA8E-BA57-474B-ACE7-B241C76D4C95}.Debug|Any CPU.Build.0 = Debug|Any CPU
		{A22CAA8E-BA57-474B-ACE7-B241C76D4C95}.Release|Any CPU.ActiveCfg = Release|Any CPU
		{A22CAA8E-BA57-474B-ACE7-B241C76D4C95}.Release|Any CPU.Build.0 = Release|Any CPU
		{D1957072-F567-41EC-B30F-C8CB4F44C5B5}.Debug|Any CPU.ActiveCfg = Debug|Any CPU
		{D1957072-F567-41EC-B30F-C8CB4F44C5B5}.Debug|Any CPU.Build.0 = Debug|Any CPU
		{D1957072-F567-41EC-B30F-C8CB4F44C5B5}.Release|Any CPU.ActiveCfg = Release|Any CPU
		{D1957072-F567-41EC-B30F-C8CB4F44C5B5}.Release|Any CPU.Build.0 = Release|Any CPU
		{0D9BE518-0246-4A86-9917-8C09B5D61C4E}.Debug|Any CPU.ActiveCfg = Debug|Any CPU
		{0D9BE518-0246-4A86-9917-8C09B5D61C4E}.Debug|Any CPU.Build.0 = Debug|Any CPU
		{0D9BE518-0246-4A86-9917-8C09B5D61C4E}.Release|Any CPU.ActiveCfg = Release|Any CPU
		{0D9BE518-0246-4A86-9917-8C09B5D61C4E}.Release|Any CPU.Build.0 = Release|Any CPU
	EndGlobalSection
EndGlobal
